{
  "version": 4,
  "terraform_version": "1.12.2",
  "serial": 19,
  "lineage": "8d73519d-72f1-2833-5a2b-92bbd7669705",
  "outputs": {
    "website_url": {
      "value": "dev-frontend-benjamin-1616525050.s3-website-us-west-1.amazonaws.com",
      "type": "string"
    }
  },
  "resources": [
    {
      "mode": "managed",
      "type": "aws_s3_bucket",
      "name": "static_site",
      "provider": "provider[\"registry.terraform.io/hashicorp/aws\"]",
      "instances": [
        {
          "schema_version": 0,
          "attributes": {
            "acceleration_status": "",
            "acl": null,
            "arn": "arn:aws:s3:::dev-frontend-benjamin-1616525050",
            "bucket": "dev-frontend-benjamin-1616525050",
            "bucket_domain_name": "dev-frontend-benjamin-1616525050.s3.amazonaws.com",
            "bucket_prefix": "",
            "bucket_region": "us-west-1",
            "bucket_regional_domain_name": "dev-frontend-benjamin-1616525050.s3.us-west-1.amazonaws.com",
            "cors_rule": [],
            "force_destroy": true,
            "grant": [
              {
                "id": "f1ec2d17adee494fa79015cc2b510b71d60a7fcd77255b85fdb047e1289bf336",
                "permissions": [
                  "FULL_CONTROL"
                ],
                "type": "CanonicalUser",
                "uri": ""
              }
            ],
            "hosted_zone_id": "Z2F56UZL2M1ACD",
            "id": "dev-frontend-benjamin-1616525050",
            "lifecycle_rule": [],
            "logging": [],
            "object_lock_configuration": [],
            "object_lock_enabled": false,
            "policy": "{\"Statement\":[{\"Action\":\"s3:GetObject\",\"Effect\":\"Allow\",\"Principal\":\"*\",\"Resource\":\"arn:aws:s3:::dev-frontend-benjamin-1616525050/*\",\"Sid\":\"PublicReadGetObject\"}],\"Version\":\"2012-10-17\"}",
            "region": "us-west-1",
            "replication_configuration": [],
            "request_payer": "BucketOwner",
            "server_side_encryption_configuration": [
              {
                "rule": [
                  {
                    "apply_server_side_encryption_by_default": [
                      {
                        "kms_master_key_id": "",
                        "sse_algorithm": "AES256"
                      }
                    ],
                    "bucket_key_enabled": false
                  }
                ]
              }
            ],
            "tags": {},
            "tags_all": {},
            "timeouts": null,
            "versioning": [
              {
                "enabled": false,
                "mfa_delete": false
              }
            ],
            "website": [
              {
                "error_document": "index.html",
                "index_document": "index.html",
                "redirect_all_requests_to": "",
                "routing_rules": ""
              }
            ],
            "website_domain": "s3-website-us-west-1.amazonaws.com",
            "website_endpoint": "dev-frontend-benjamin-1616525050.s3-website-us-west-1.amazonaws.com"
          },
          "sensitive_attributes": [],
          "identity_schema_version": 0,
          "identity": {
            "account_id": "537124959230",
            "bucket": "dev-frontend-benjamin-1616525050",
            "region": "us-west-1"
          },
          "private": "eyJlMmJmYjczMC1lY2FhLTExZTYtOGY4OC0zNDM2M2JjN2M0YzAiOnsiY3JlYXRlIjoxMjAwMDAwMDAwMDAwLCJkZWxldGUiOjM2MDAwMDAwMDAwMDAsInJlYWQiOjEyMDAwMDAwMDAwMDAsInVwZGF0ZSI6MTIwMDAwMDAwMDAwMH19"
        }
      ]
    },
    {
      "mode": "managed",
      "type": "aws_s3_bucket_policy",
      "name": "policy",
      "provider": "provider[\"registry.terraform.io/hashicorp/aws\"]",
      "instances": [
        {
          "schema_version": 0,
          "attributes": {
            "bucket": "dev-frontend-benjamin-1616525050",
            "id": "dev-frontend-benjamin-1616525050",
            "policy": "{\"Statement\":[{\"Action\":\"s3:GetObject\",\"Effect\":\"Allow\",\"Principal\":\"*\",\"Resource\":\"arn:aws:s3:::dev-frontend-benjamin-1616525050/*\",\"Sid\":\"PublicReadGetObject\"}],\"Version\":\"2012-10-17\"}",
            "region": "us-west-1"
          },
          "sensitive_attributes": [],
          "identity_schema_version": 0,
          "private": "bnVsbA==",
          "dependencies": [
            "aws_s3_bucket.static_site"
          ]
        }
      ]
    },
    {
      "mode": "managed",
      "type": "aws_s3_bucket_public_access_block",
      "name": "public",
      "provider": "provider[\"registry.terraform.io/hashicorp/aws\"]",
      "instances": [
        {
          "schema_version": 0,
          "attributes": {
            "block_public_acls": false,
            "block_public_policy": false,
            "bucket": "dev-frontend-benjamin-1616525050",
            "id": "dev-frontend-benjamin-1616525050",
            "ignore_public_acls": false,
            "region": "us-west-1",
            "restrict_public_buckets": false
          },
          "sensitive_attributes": [],
          "identity_schema_version": 0,
          "private": "bnVsbA==",
          "dependencies": [
            "aws_s3_bucket.static_site"
          ]
        }
      ]
    },
    {
      "mode": "managed",
      "type": "aws_s3_bucket_website_configuration",
      "name": "website",
      "provider": "provider[\"registry.terraform.io/hashicorp/aws\"]",
      "instances": [
        {
          "schema_version": 0,
          "attributes": {
            "bucket": "dev-frontend-benjamin-1616525050",
            "error_document": [
              {
                "key": "index.html"
              }
            ],
            "expected_bucket_owner": "",
            "id": "dev-frontend-benjamin-1616525050",
            "index_document": [
              {
                "suffix": "index.html"
              }
            ],
            "redirect_all_requests_to": [],
            "region": "us-west-1",
            "routing_rule": [],
            "routing_rules": "",
            "website_domain": "s3-website-us-west-1.amazonaws.com",
            "website_endpoint": "dev-frontend-benjamin-1616525050.s3-website-us-west-1.amazonaws.com"
          },
          "sensitive_attributes": [],
          "identity_schema_version": 0,
          "private": "bnVsbA==",
          "dependencies": [
            "aws_s3_bucket.static_site"
          ]
        }
      ]
    },
    {
      "mode": "managed",
      "type": "aws_s3_object",
      "name": "upload_files",
      "provider": "provider[\"registry.terraform.io/hashicorp/aws\"]",
      "instances": [
        {
          "index_key": "assets/favicon-17e50649.svg",
          "schema_version": 0,
          "attributes": {
            "acl": null,
            "arn": "arn:aws:s3:::dev-frontend-benjamin-1616525050/assets/favicon-17e50649.svg",
            "bucket": "dev-frontend-benjamin-1616525050",
            "bucket_key_enabled": false,
            "cache_control": "",
            "checksum_algorithm": null,
            "checksum_crc32": "",
            "checksum_crc32c": "",
            "checksum_crc64nvme": "",
            "checksum_sha1": "",
            "checksum_sha256": "",
            "content": null,
            "content_base64": null,
            "content_disposition": "",
            "content_encoding": "",
            "content_language": "",
            "content_type": "image/svg+xml",
            "etag": "1821c958bbe5e0a6a4563025af907760",
            "force_destroy": false,
            "id": "dev-frontend-benjamin-1616525050/assets/favicon-17e50649.svg",
            "key": "assets/favicon-17e50649.svg",
            "kms_key_id": null,
            "metadata": null,
            "object_lock_legal_hold_status": "",
            "object_lock_mode": "",
            "object_lock_retain_until_date": "",
            "override_provider": [],
            "region": "us-west-1",
            "server_side_encryption": "AES256",
            "source": "./site/assets/favicon-17e50649.svg",
            "source_hash": null,
            "storage_class": "STANDARD",
            "tags": null,
            "tags_all": {},
            "version_id": "",
            "website_redirect": ""
          },
          "sensitive_attributes": [],
          "identity_schema_version": 0,
          "identity": {
            "account_id": "537124959230",
            "bucket": "dev-frontend-benjamin-1616525050",
            "key": "assets/favicon-17e50649.svg",
            "region": "us-west-1"
          },
          "private": "bnVsbA==",
          "dependencies": [
            "aws_s3_bucket.static_site"
          ]
        },
        {
          "index_key": "assets/features-03-image-01-a6309655.png",
          "schema_version": 0,
          "attributes": {
            "acl": null,
            "arn": "arn:aws:s3:::dev-frontend-benjamin-1616525050/assets/features-03-image-01-a6309655.png",
            "bucket": "dev-frontend-benjamin-1616525050",
            "bucket_key_enabled": false,
            "cache_control": "",
            "checksum_algorithm": null,
            "checksum_crc32": "",
            "checksum_crc32c": "",
            "checksum_crc64nvme": "",
            "checksum_sha1": "",
            "checksum_sha256": "",
            "content": null,
            "content_base64": null,
            "content_disposition": "",
            "content_encoding": "",
            "content_language": "",
            "content_type": "image/png",
            "etag": "531dccf233840ec56312680e8da56d15",
            "force_destroy": false,
            "id": "dev-frontend-benjamin-1616525050/assets/features-03-image-01-a6309655.png",
            "key": "assets/features-03-image-01-a6309655.png",
            "kms_key_id": null,
            "metadata": null,
            "object_lock_legal_hold_status": "",
            "object_lock_mode": "",
            "object_lock_retain_until_date": "",
            "override_provider": [],
            "region": "us-west-1",
            "server_side_encryption": "AES256",
            "source": "./site/assets/features-03-image-01-a6309655.png",
            "source_hash": null,
            "storage_class": "STANDARD",
            "tags": null,
            "tags_all": {},
            "version_id": "",
            "website_redirect": ""
          },
          "sensitive_attributes": [],
          "identity_schema_version": 0,
          "identity": {
            "account_id": "537124959230",
            "bucket": "dev-frontend-benjamin-1616525050",
            "key": "assets/features-03-image-01-a6309655.png",
            "region": "us-west-1"
          },
          "private": "bnVsbA==",
          "dependencies": [
            "aws_s3_bucket.static_site"
          ]
        },
        {
          "index_key": "assets/features-03-image-02-6db1da8a.png",
          "schema_version": 0,
          "attributes": {
            "acl": null,
            "arn": "arn:aws:s3:::dev-frontend-benjamin-1616525050/assets/features-03-image-02-6db1da8a.png",
            "bucket": "dev-frontend-benjamin-1616525050",
            "bucket_key_enabled": false,
            "cache_control": "",
            "checksum_algorithm": null,
            "checksum_crc32": "",
            "checksum_crc32c": "",
            "checksum_crc64nvme": "",
            "checksum_sha1": "",
            "checksum_sha256": "",
            "content": null,
            "content_base64": null,
            "content_disposition": "",
            "content_encoding": "",
            "content_language": "",
            "content_type": "image/png",
            "etag": "bddfa6d7c0735459ce5e0f6c76228218",
            "force_destroy": false,
            "id": "dev-frontend-benjamin-1616525050/assets/features-03-image-02-6db1da8a.png",
            "key": "assets/features-03-image-02-6db1da8a.png",
            "kms_key_id": null,
            "metadata": null,
            "object_lock_legal_hold_status": "",
            "object_lock_mode": "",
            "object_lock_retain_until_date": "",
            "override_provider": [],
            "region": "us-west-1",
            "server_side_encryption": "AES256",
            "source": "./site/assets/features-03-image-02-6db1da8a.png",
            "source_hash": null,
            "storage_class": "STANDARD",
            "tags": null,
            "tags_all": {},
            "version_id": "",
            "website_redirect": ""
          },
          "sensitive_attributes": [],
          "identity_schema_version": 0,
          "identity": {
            "account_id": "537124959230",
            "bucket": "dev-frontend-benjamin-1616525050",
            "key": "assets/features-03-image-02-6db1da8a.png",
            "region": "us-west-1"
          },
          "private": "bnVsbA==",
          "dependencies": [
            "aws_s3_bucket.static_site"
          ]
        },
        {
          "index_key": "assets/features-03-image-03-a2a81fc6.png",
          "schema_version": 0,
          "attributes": {
            "acl": null,
            "arn": "arn:aws:s3:::dev-frontend-benjamin-1616525050/assets/features-03-image-03-a2a81fc6.png",
            "bucket": "dev-frontend-benjamin-1616525050",
            "bucket_key_enabled": false,
            "cache_control": "",
            "checksum_algorithm": null,
            "checksum_crc32": "",
            "checksum_crc32c": "",
            "checksum_crc64nvme": "",
            "checksum_sha1": "",
            "checksum_sha256": "",
            "content": null,
            "content_base64": null,
            "content_disposition": "",
            "content_encoding": "",
            "content_language": "",
            "content_type": "image/png",
            "etag": "39face9a7e6ec5622f747c5ba126a2a4",
            "force_destroy": false,
            "id": "dev-frontend-benjamin-1616525050/assets/features-03-image-03-a2a81fc6.png",
            "key": "assets/features-03-image-03-a2a81fc6.png",
            "kms_key_id": null,
            "metadata": null,
            "object_lock_legal_hold_status": "",
            "object_lock_mode": "",
            "object_lock_retain_until_date": "",
            "override_provider": [],
            "region": "us-west-1",
            "server_side_encryption": "AES256",
            "source": "./site/assets/features-03-image-03-a2a81fc6.png",
            "source_hash": null,
            "storage_class": "STANDARD",
            "tags": null,
            "tags_all": {},
            "version_id": "",
            "website_redirect": ""
          },
          "sensitive_attributes": [],
          "identity_schema_version": 0,
          "identity": {
            "account_id": "537124959230",
            "bucket": "dev-frontend-benjamin-1616525050",
            "key": "assets/features-03-image-03-a2a81fc6.png",
            "region": "us-west-1"
          },
          "private": "bnVsbA==",
          "dependencies": [
            "aws_s3_bucket.static_site"
          ]
        },
        {
          "index_key": "assets/hero-image-01-247d9f10.jpg",
          "schema_version": 0,
          "attributes": {
            "acl": null,
            "arn": "arn:aws:s3:::dev-frontend-benjamin-1616525050/assets/hero-image-01-247d9f10.jpg",
            "bucket": "dev-frontend-benjamin-1616525050",
            "bucket_key_enabled": false,
            "cache_control": "",
            "checksum_algorithm": null,
            "checksum_crc32": "",
            "checksum_crc32c": "",
            "checksum_crc64nvme": "",
            "checksum_sha1": "",
            "checksum_sha256": "",
            "content": null,
            "content_base64": null,
            "content_disposition": "",
            "content_encoding": "",
            "content_language": "",
            "content_type": "image/jpeg",
            "etag": "f3325fb2c9ab650b512d3423586add85",
            "force_destroy": false,
            "id": "dev-frontend-benjamin-1616525050/assets/hero-image-01-247d9f10.jpg",
            "key": "assets/hero-image-01-247d9f10.jpg",
            "kms_key_id": null,
            "metadata": null,
            "object_lock_legal_hold_status": "",
            "object_lock_mode": "",
            "object_lock_retain_until_date": "",
            "override_provider": [],
            "region": "us-west-1",
            "server_side_encryption": "AES256",
            "source": "./site/assets/hero-image-01-247d9f10.jpg",
            "source_hash": null,
            "storage_class": "STANDARD",
            "tags": null,
            "tags_all": {},
            "version_id": "",
            "website_redirect": ""
          },
          "sensitive_attributes": [],
          "identity_schema_version": 0,
          "identity": {
            "account_id": "537124959230",
            "bucket": "dev-frontend-benjamin-1616525050",
            "key": "assets/hero-image-01-247d9f10.jpg",
            "region": "us-west-1"
          },
          "private": "bnVsbA==",
          "dependencies": [
            "aws_s3_bucket.static_site"
          ]
        },
        {
          "index_key": "assets/index-471f76b9.css",
          "schema_version": 0,
          "attributes": {
            "acl": null,
            "arn": "arn:aws:s3:::dev-frontend-benjamin-1616525050/assets/index-471f76b9.css",
            "bucket": "dev-frontend-benjamin-1616525050",
            "bucket_key_enabled": false,
            "cache_control": "",
            "checksum_algorithm": null,
            "checksum_crc32": "",
            "checksum_crc32c": "",
            "checksum_crc64nvme": "",
            "checksum_sha1": "",
            "checksum_sha256": "",
            "content": null,
            "content_base64": null,
            "content_disposition": "",
            "content_encoding": "",
            "content_language": "",
            "content_type": "text/css",
            "etag": "9c16bd3304ddce32f3f2870c07b2490e",
            "force_destroy": false,
            "id": "dev-frontend-benjamin-1616525050/assets/index-471f76b9.css",
            "key": "assets/index-471f76b9.css",
            "kms_key_id": null,
            "metadata": null,
            "object_lock_legal_hold_status": "",
            "object_lock_mode": "",
            "object_lock_retain_until_date": "",
            "override_provider": [],
            "region": "us-west-1",
            "server_side_encryption": "AES256",
            "source": "./site/assets/index-471f76b9.css",
            "source_hash": null,
            "storage_class": "STANDARD",
            "tags": null,
            "tags_all": {},
            "version_id": "",
            "website_redirect": ""
          },
          "sensitive_attributes": [],
          "identity_schema_version": 0,
          "identity": {
            "account_id": "537124959230",
            "bucket": "dev-frontend-benjamin-1616525050",
            "key": "assets/index-471f76b9.css",
            "region": "us-west-1"
          },
          "private": "bnVsbA==",
          "dependencies": [
            "aws_s3_bucket.static_site"
          ]
        },
        {
          "index_key": "assets/index-636f54b2.js",
          "schema_version": 0,
          "attributes": {
            "acl": null,
            "arn": "arn:aws:s3:::dev-frontend-benjamin-1616525050/assets/index-636f54b2.js",
            "bucket": "dev-frontend-benjamin-1616525050",
            "bucket_key_enabled": false,
            "cache_control": "",
            "checksum_algorithm": null,
            "checksum_crc32": "",
            "checksum_crc32c": "",
            "checksum_crc64nvme": "",
            "checksum_sha1": "",
            "checksum_sha256": "",
            "content": null,
            "content_base64": null,
            "content_disposition": "",
            "content_encoding": "",
            "content_language": "",
            "content_type": "application/javascript",
            "etag": "b656e94df1b75ff73b9444ad8a74525e",
            "force_destroy": false,
            "id": "dev-frontend-benjamin-1616525050/assets/index-636f54b2.js",
            "key": "assets/index-636f54b2.js",
            "kms_key_id": null,
            "metadata": null,
            "object_lock_legal_hold_status": "",
            "object_lock_mode": "",
            "object_lock_retain_until_date": "",
            "override_provider": [],
            "region": "us-west-1",
            "server_side_encryption": "AES256",
            "source": "./site/assets/index-636f54b2.js",
            "source_hash": null,
            "storage_class": "STANDARD",
            "tags": null,
            "tags_all": {},
            "version_id": "",
            "website_redirect": ""
          },
          "sensitive_attributes": [],
          "identity_schema_version": 0,
          "identity": {
            "account_id": "537124959230",
            "bucket": "dev-frontend-benjamin-1616525050",
            "key": "assets/index-636f54b2.js",
            "region": "us-west-1"
          },
          "private": "bnVsbA==",
          "dependencies": [
            "aws_s3_bucket.static_site"
          ]
        },
        {
          "index_key": "bucket-policy.json",
          "schema_version": 0,
          "attributes": {
            "acl": null,
            "arn": "arn:aws:s3:::dev-frontend-benjamin-1616525050/bucket-policy.json",
            "bucket": "dev-frontend-benjamin-1616525050",
            "bucket_key_enabled": false,
            "cache_control": "",
            "checksum_algorithm": null,
            "checksum_crc32": "",
            "checksum_crc32c": "",
            "checksum_crc64nvme": "",
            "checksum_sha1": "",
            "checksum_sha256": "",
            "content": null,
            "content_base64": null,
            "content_disposition": "",
            "content_encoding": "",
            "content_language": "",
            "content_type": "application/octet-stream",
            "etag": "2eead0d30bfc54598f3e74b083fb5b75",
            "force_destroy": false,
            "id": "dev-frontend-benjamin-1616525050/bucket-policy.json",
            "key": "bucket-policy.json",
            "kms_key_id": null,
            "metadata": null,
            "object_lock_legal_hold_status": "",
            "object_lock_mode": "",
            "object_lock_retain_until_date": "",
            "override_provider": [],
            "region": "us-west-1",
            "server_side_encryption": "AES256",
            "source": "./site/bucket-policy.json",
            "source_hash": null,
            "storage_class": "STANDARD",
            "tags": null,
            "tags_all": {},
            "version_id": "",
            "website_redirect": ""
          },
          "sensitive_attributes": [],
          "identity_schema_version": 0,
          "identity": {
            "account_id": "537124959230",
            "bucket": "dev-frontend-benjamin-1616525050",
            "key": "bucket-policy.json",
            "region": "us-west-1"
          },
          "private": "bnVsbA==",
          "dependencies": [
            "aws_s3_bucket.static_site"
          ]
        },
        {
          "index_key": "index.html",
          "schema_version": 0,
          "attributes": {
            "acl": null,
            "arn": "arn:aws:s3:::dev-frontend-benjamin-1616525050/index.html",
            "bucket": "dev-frontend-benjamin-1616525050",
            "bucket_key_enabled": false,
            "cache_control": "",
            "checksum_algorithm": null,
            "checksum_crc32": "",
            "checksum_crc32c": "",
            "checksum_crc64nvme": "",
            "checksum_sha1": "",
            "checksum_sha256": "",
            "content": null,
            "content_base64": null,
            "content_disposition": "",
            "content_encoding": "",
            "content_language": "",
            "content_type": "text/html",
            "etag": "6cea49f8c0c47e299028af7391cf7af2",
            "force_destroy": false,
            "id": "dev-frontend-benjamin-1616525050/index.html",
            "key": "index.html",
            "kms_key_id": null,
            "metadata": null,
            "object_lock_legal_hold_status": "",
            "object_lock_mode": "",
            "object_lock_retain_until_date": "",
            "override_provider": [],
            "region": "us-west-1",
            "server_side_encryption": "AES256",
            "source": "./site/index.html",
            "source_hash": null,
            "storage_class": "STANDARD",
            "tags": null,
            "tags_all": {},
            "version_id": "",
            "website_redirect": ""
          },
          "sensitive_attributes": [],
          "identity_schema_version": 0,
          "identity": {
            "account_id": "537124959230",
            "bucket": "dev-frontend-benjamin-1616525050",
            "key": "index.html",
            "region": "us-west-1"
          },
          "private": "bnVsbA==",
          "dependencies": [
            "aws_s3_bucket.static_site"
          ]
        },
        {
          "index_key": "terraform.tfstate",
          "schema_version": 0,
          "attributes": {
            "acl": null,
            "arn": "arn:aws:s3:::dev-frontend-benjamin-1616525050/terraform.tfstate",
            "bucket": "dev-frontend-benjamin-1616525050",
            "bucket_key_enabled": false,
            "cache_control": "",
            "checksum_algorithm": null,
            "checksum_crc32": "",
            "checksum_crc32c": "",
            "checksum_crc64nvme": "",
            "checksum_sha1": "",
            "checksum_sha256": "",
            "content": null,
            "content_base64": null,
            "content_disposition": "",
            "content_encoding": "",
            "content_language": "",
            "content_type": "application/octet-stream",
            "etag": "e0c68911341423014d043b5e9cafdc0d",
            "force_destroy": false,
            "id": "dev-frontend-benjamin-1616525050/terraform.tfstate",
            "key": "terraform.tfstate",
            "kms_key_id": null,
            "metadata": null,
            "object_lock_legal_hold_status": "",
            "object_lock_mode": "",
            "object_lock_retain_until_date": "",
            "override_provider": [],
            "region": "us-west-1",
            "server_side_encryption": "AES256",
            "source": "./site/terraform.tfstate",
            "source_hash": null,
            "storage_class": "STANDARD",
            "tags": null,
            "tags_all": {},
            "version_id": "",
            "website_redirect": ""
          },
          "sensitive_attributes": [],
          "identity_schema_version": 0,
          "identity": {
            "account_id": "537124959230",
            "bucket": "dev-frontend-benjamin-1616525050",
            "key": "terraform.tfstate",
            "region": "us-west-1"
          },
          "private": "bnVsbA==",
          "dependencies": [
            "aws_s3_bucket.static_site"
          ]
        },
        {
          "index_key": "terraform.tfstate.backup",
          "schema_version": 0,
          "attributes": {
            "acl": null,
            "arn": "arn:aws:s3:::dev-frontend-benjamin-1616525050/terraform.tfstate.backup",
            "bucket": "dev-frontend-benjamin-1616525050",
            "bucket_key_enabled": false,
            "cache_control": "",
            "checksum_algorithm": null,
            "checksum_crc32": "",
            "checksum_crc32c": "",
            "checksum_crc64nvme": "",
            "checksum_sha1": "",
            "checksum_sha256": "",
            "content": null,
            "content_base64": null,
            "content_disposition": "",
            "content_encoding": "",
            "content_language": "",
            "content_type": "application/octet-stream",
            "etag": "f7c8199f7290b13c608b982b03548168",
            "force_destroy": false,
            "id": "dev-frontend-benjamin-1616525050/terraform.tfstate.backup",
            "key": "terraform.tfstate.backup",
            "kms_key_id": null,
            "metadata": null,
            "object_lock_legal_hold_status": "",
            "object_lock_mode": "",
            "object_lock_retain_until_date": "",
            "override_provider": [],
            "region": "us-west-1",
            "server_side_encryption": "AES256",
            "source": "./site/terraform.tfstate.backup",
            "source_hash": null,
            "storage_class": "STANDARD",
            "tags": null,
            "tags_all": {},
            "version_id": "",
            "website_redirect": ""
          },
          "sensitive_attributes": [],
          "identity_schema_version": 0,
          "identity": {
            "account_id": "537124959230",
            "bucket": "dev-frontend-benjamin-1616525050",
            "key": "terraform.tfstate.backup",
            "region": "us-west-1"
          },
          "private": "bnVsbA==",
          "dependencies": [
            "aws_s3_bucket.static_site"
          ]
        },
        {
          "index_key": "videos/video.mp4",
          "schema_version": 0,
          "attributes": {
            "acl": null,
            "arn": "arn:aws:s3:::dev-frontend-benjamin-1616525050/videos/video.mp4",
            "bucket": "dev-frontend-benjamin-1616525050",
            "bucket_key_enabled": false,
            "cache_control": "",
            "checksum_algorithm": null,
            "checksum_crc32": "",
            "checksum_crc32c": "",
            "checksum_crc64nvme": "",
            "checksum_sha1": "",
            "checksum_sha256": "",
            "content": null,
            "content_base64": null,
            "content_disposition": "",
            "content_encoding": "",
            "content_language": "",
            "content_type": "video/mp4",
            "etag": "06182716030e5817d17c01d93d13736a",
            "force_destroy": false,
            "id": "dev-frontend-benjamin-1616525050/videos/video.mp4",
            "key": "videos/video.mp4",
            "kms_key_id": null,
            "metadata": null,
            "object_lock_legal_hold_status": "",
            "object_lock_mode": "",
            "object_lock_retain_until_date": "",
            "override_provider": [],
            "region": "us-west-1",
            "server_side_encryption": "AES256",
            "source": "./site/videos/video.mp4",
            "source_hash": null,
            "storage_class": "STANDARD",
            "tags": null,
            "tags_all": {},
            "version_id": "",
            "website_redirect": ""
          },
          "sensitive_attributes": [],
          "identity_schema_version": 0,
          "identity": {
            "account_id": "537124959230",
            "bucket": "dev-frontend-benjamin-1616525050",
            "key": "videos/video.mp4",
            "region": "us-west-1"
          },
          "private": "bnVsbA==",
          "dependencies": [
            "aws_s3_bucket.static_site"
          ]
        }
      ]
    }
  ],
  "check_results": null
}
